// !$*UTF8*$!
{
	archiveVersion = 1;
	classes = {
	};
	objectVersion = 56;
	objects = {

/* Begin PBXBuildFile section */
		44AD89AE29FC5251006670B2 /* AppDelegate.swift in Sources */ = {isa = PBXBuildFile; fileRef = 44AD89AD29FC5251006670B2 /* AppDelegate.swift */; };
		44AD89B029FC5251006670B2 /* SceneDelegate.swift in Sources */ = {isa = PBXBuildFile; fileRef = 44AD89AF29FC5251006670B2 /* SceneDelegate.swift */; };
		44AD89B229FC5251006670B2 /* ViewController.swift in Sources */ = {isa = PBXBuildFile; fileRef = 44AD89B129FC5251006670B2 /* ViewController.swift */; };
		44AD89B529FC5251006670B2 /* Main.storyboard in Resources */ = {isa = PBXBuildFile; fileRef = 44AD89B329FC5251006670B2 /* Main.storyboard */; };
		44AD89B729FC5252006670B2 /* Assets.xcassets in Resources */ = {isa = PBXBuildFile; fileRef = 44AD89B629FC5252006670B2 /* Assets.xcassets */; };
		44AD89BA29FC5252006670B2 /* LaunchScreen.storyboard in Resources */ = {isa = PBXBuildFile; fileRef = 44AD89B829FC5252006670B2 /* LaunchScreen.storyboard */; };
		44AD89C529FC5252006670B2 /* Project39_Tests.swift in Sources */ = {isa = PBXBuildFile; fileRef = 44AD89C429FC5252006670B2 /* Project39_Tests.swift */; };
		44AD89CF29FC5252006670B2 /* Project39_UITests.swift in Sources */ = {isa = PBXBuildFile; fileRef = 44AD89CE29FC5252006670B2 /* Project39_UITests.swift */; };
		44AD89D129FC5252006670B2 /* Project39_UITestsLaunchTests.swift in Sources */ = {isa = PBXBuildFile; fileRef = 44AD89D029FC5252006670B2 /* Project39_UITestsLaunchTests.swift */; };
		44AD89DE29FC527B006670B2 /* plays.txt in Resources */ = {isa = PBXBuildFile; fileRef = 44AD89DD29FC527B006670B2 /* plays.txt */; };
/* End PBXBuildFile section */

/* Begin PBXContainerItemProxy section */
		44AD89C129FC5252006670B2 /* PBXContainerItemProxy */ = {
			isa = PBXContainerItemProxy;
			containerPortal = 44AD89A229FC5251006670B2 /* Project object */;
			proxyType = 1;
			remoteGlobalIDString = 44AD89A929FC5251006670B2;
			remoteInfo = Project39_;
		};
		44AD89CB29FC5252006670B2 /* PBXContainerItemProxy */ = {
			isa = PBXContainerItemProxy;
			containerPortal = 44AD89A229FC5251006670B2 /* Project object */;
			proxyType = 1;
			remoteGlobalIDString = 44AD89A929FC5251006670B2;
			remoteInfo = Project39_;
		};
/* End PBXContainerItemProxy section */

/* Begin PBXFileReference section */
		44AD89AA29FC5251006670B2 /* Project39_.app */ = {isa = PBXFileReference; explicitFileType = wrapper.application; includeInIndex = 0; path = Project39_.app; sourceTree = BUILT_PRODUCTS_DIR; };
		44AD89AD29FC5251006670B2 /* AppDelegate.swift */ = {isa = PBXFileReference; lastKnownFileType = sourcecode.swift; path = AppDelegate.swift; sourceTree = "<group>"; };
		44AD89AF29FC5251006670B2 /* SceneDelegate.swift */ = {isa = PBXFileReference; lastKnownFileType = sourcecode.swift; path = SceneDelegate.swift; sourceTree = "<group>"; };
		44AD89B129FC5251006670B2 /* ViewController.swift */ = {isa = PBXFileReference; lastKnownFileType = sourcecode.swift; path = ViewController.swift; sourceTree = "<group>"; };
		44AD89B429FC5251006670B2 /* Base */ = {isa = PBXFileReference; lastKnownFileType = file.storyboard; name = Base; path = Base.lproj/Main.storyboard; sourceTree = "<group>"; };
		44AD89B629FC5252006670B2 /* Assets.xcassets */ = {isa = PBXFileReference; lastKnownFileType = folder.assetcatalog; path = Assets.xcassets; sourceTree = "<group>"; };
		44AD89B929FC5252006670B2 /* Base */ = {isa = PBXFileReference; lastKnownFileType = file.storyboard; name = Base; path = Base.lproj/LaunchScreen.storyboard; sourceTree = "<group>"; };
		44AD89BB29FC5252006670B2 /* Info.plist */ = {isa = PBXFileReference; lastKnownFileType = text.plist.xml; path = Info.plist; sourceTree = "<group>"; };
		44AD89C029FC5252006670B2 /* Project39_Tests.xctest */ = {isa = PBXFileReference; explicitFileType = wrapper.cfbundle; includeInIndex = 0; path = Project39_Tests.xctest; sourceTree = BUILT_PRODUCTS_DIR; };
		44AD89C429FC5252006670B2 /* Project39_Tests.swift */ = {isa = PBXFileReference; lastKnownFileType = sourcecode.swift; path = Project39_Tests.swift; sourceTree = "<group>"; };
		44AD89CA29FC5252006670B2 /* Project39_UITests.xctest */ = {isa = PBXFileReference; explicitFileType = wrapper.cfbundle; includeInIndex = 0; path = Project39_UITests.xctest; sourceTree = BUILT_PRODUCTS_DIR; };
		44AD89CE29FC5252006670B2 /* Project39_UITests.swift */ = {isa = PBXFileReference; lastKnownFileType = sourcecode.swift; path = Project39_UITests.swift; sourceTree = "<group>"; };
		44AD89D029FC5252006670B2 /* Project39_UITestsLaunchTests.swift */ = {isa = PBXFileReference; lastKnownFileType = sourcecode.swift; path = Project39_UITestsLaunchTests.swift; sourceTree = "<group>"; };
		44AD89DD29FC527B006670B2 /* plays.txt */ = {isa = PBXFileReference; lastKnownFileType = text; path = plays.txt; sourceTree = "<group>"; };
/* End PBXFileReference section */

/* Begin PBXFrameworksBuildPhase section */
		44AD89A729FC5251006670B2 /* Frameworks */ = {
			isa = PBXFrameworksBuildPhase;
			buildActionMask = 2147483647;
			files = (
			);
			runOnlyForDeploymentPostprocessing = 0;
		};
		44AD89BD29FC5252006670B2 /* Frameworks */ = {
			isa = PBXFrameworksBuildPhase;
			buildActionMask = 2147483647;
			files = (
			);
			runOnlyForDeploymentPostprocessing = 0;
		};
		44AD89C729FC5252006670B2 /* Frameworks */ = {
			isa = PBXFrameworksBuildPhase;
			buildActionMask = 2147483647;
			files = (
			);
			runOnlyForDeploymentPostprocessing = 0;
		};
/* End PBXFrameworksBuildPhase section */

/* Begin PBXGroup section */
		44AD89A129FC5251006670B2 = {
			isa = PBXGroup;
			children = (
				44AD89AC29FC5251006670B2 /* Project39_ */,
				44AD89C329FC5252006670B2 /* Project39_Tests */,
				44AD89CD29FC5252006670B2 /* Project39_UITests */,
				44AD89AB29FC5251006670B2 /* Products */,
			);
			sourceTree = "<group>";
		};
		44AD89AB29FC5251006670B2 /* Products */ = {
			isa = PBXGroup;
			children = (
				44AD89AA29FC5251006670B2 /* Project39_.app */,
				44AD89C029FC5252006670B2 /* Project39_Tests.xctest */,
				44AD89CA29FC5252006670B2 /* Project39_UITests.xctest */,
			);
			name = Products;
			sourceTree = "<group>";
		};
		44AD89AC29FC5251006670B2 /* Project39_ */ = {
			isa = PBXGroup;
			children = (
				44AD89AD29FC5251006670B2 /* AppDelegate.swift */,
				44AD89AF29FC5251006670B2 /* SceneDelegate.swift */,
				44AD89B129FC5251006670B2 /* ViewController.swift */,
				44AD89B329FC5251006670B2 /* Main.storyboard */,
				44AD89B629FC5252006670B2 /* Assets.xcassets */,
				44AD89B829FC5252006670B2 /* LaunchScreen.storyboard */,
				44AD89BB29FC5252006670B2 /* Info.plist */,
				44AD89DD29FC527B006670B2 /* plays.txt */,
			);
			path = Project39_;
			sourceTree = "<group>";
		};
		44AD89C329FC5252006670B2 /* Project39_Tests */ = {
			isa = PBXGroup;
			children = (
				44AD89C429FC5252006670B2 /* Project39_Tests.swift */,
			);
			path = Project39_Tests;
			sourceTree = "<group>";
		};
		44AD89CD29FC5252006670B2 /* Project39_UITests */ = {
			isa = PBXGroup;
			children = (
				44AD89CE29FC5252006670B2 /* Project39_UITests.swift */,
				44AD89D029FC5252006670B2 /* Project39_UITestsLaunchTests.swift */,
			);
			path = Project39_UITests;
			sourceTree = "<group>";
		};
/* End PBXGroup section */

/* Begin PBXNativeTarget section */
		44AD89A929FC5251006670B2 /* Project39_ */ = {
			isa = PBXNativeTarget;
			buildConfigurationList = 44AD89D429FC5252006670B2 /* Build configuration list for PBXNativeTarget "Project39_" */;
			buildPhases = (
				44AD89A629FC5251006670B2 /* Sources */,
				44AD89A729FC5251006670B2 /* Frameworks */,
				44AD89A829FC5251006670B2 /* Resources */,
			);
			buildRules = (
			);
			dependencies = (
			);
			name = Project39_;
			productName = Project39_;
			productReference = 44AD89AA29FC5251006670B2 /* Project39_.app */;
			productType = "com.apple.product-type.application";
		};
		44AD89BF29FC5252006670B2 /* Project39_Tests */ = {
			isa = PBXNativeTarget;
			buildConfigurationList = 44AD89D729FC5252006670B2 /* Build configuration list for PBXNativeTarget "Project39_Tests" */;
			buildPhases = (
				44AD89BC29FC5252006670B2 /* Sources */,
				44AD89BD29FC5252006670B2 /* Frameworks */,
				44AD89BE29FC5252006670B2 /* Resources */,
			);
			buildRules = (
			);
			dependencies = (
				44AD89C229FC5252006670B2 /* PBXTargetDependency */,
			);
			name = Project39_Tests;
			productName = Project39_Tests;
			productReference = 44AD89C029FC5252006670B2 /* Project39_Tests.xctest */;
			productType = "com.apple.product-type.bundle.unit-test";
		};
		44AD89C929FC5252006670B2 /* Project39_UITests */ = {
			isa = PBXNativeTarget;
			buildConfigurationList = 44AD89DA29FC5252006670B2 /* Build configuration list for PBXNativeTarget "Project39_UITests" */;
			buildPhases = (
				44AD89C629FC5252006670B2 /* Sources */,
				44AD89C729FC5252006670B2 /* Frameworks */,
				44AD89C829FC5252006670B2 /* Resources */,
			);
			buildRules = (
			);
			dependencies = (
				44AD89CC29FC5252006670B2 /* PBXTargetDependency */,
			);
			name = Project39_UITests;
			productName = Project39_UITests;
			productReference = 44AD89CA29FC5252006670B2 /* Project39_UITests.xctest */;
			productType = "com.apple.product-type.bundle.ui-testing";
		};
/* End PBXNativeTarget section */

/* Begin PBXProject section */
		44AD89A229FC5251006670B2 /* Project object */ = {
			isa = PBXProject;
			attributes = {
				BuildIndependentTargetsInParallel = 1;
				LastSwiftUpdateCheck = 1430;
				LastUpgradeCheck = 1430;
				TargetAttributes = {
					44AD89A929FC5251006670B2 = {
						CreatedOnToolsVersion = 14.3;
					};
					44AD89BF29FC5252006670B2 = {
						CreatedOnToolsVersion = 14.3;
						TestTargetID = 44AD89A929FC5251006670B2;
					};
					44AD89C929FC5252006670B2 = {
						CreatedOnToolsVersion = 14.3;
						TestTargetID = 44AD89A929FC5251006670B2;
					};
				};
			};
			buildConfigurationList = 44AD89A529FC5251006670B2 /* Build configuration list for PBXProject "Project39_" */;
			compatibilityVersion = "Xcode 14.0";
			developmentRegion = en;
			hasScannedForEncodings = 0;
			knownRegions = (
				en,
				Base,
			);
			mainGroup = 44AD89A129FC5251006670B2;
			productRefGroup = 44AD89AB29FC5251006670B2 /* Products */;
			projectDirPath = "";
			projectRoot = "";
			targets = (
				44AD89A929FC5251006670B2 /* Project39_ */,
				44AD89BF29FC5252006670B2 /* Project39_Tests */,
				44AD89C929FC5252006670B2 /* Project39_UITests */,
			);
		};
/* End PBXProject section */

/* Begin PBXResourcesBuildPhase section */
		44AD89A829FC5251006670B2 /* Resources */ = {
			isa = PBXResourcesBuildPhase;
			buildActionMask = 2147483647;
			files = (
				44AD89DE29FC527B006670B2 /* plays.txt in Resources */,
				44AD89BA29FC5252006670B2 /* LaunchScreen.storyboard in Resources */,
				44AD89B729FC5252006670B2 /* Assets.xcassets in Resources */,
				44AD89B529FC5251006670B2 /* Main.storyboard in Resources */,
			);
			runOnlyForDeploymentPostprocessing = 0;
		};
		44AD89BE29FC5252006670B2 /* Resources */ = {
			isa = PBXResourcesBuildPhase;
			buildActionMask = 2147483647;
			files = (
			);
			runOnlyForDeploymentPostprocessing = 0;
		};
		44AD89C829FC5252006670B2 /* Resources */ = {
			isa = PBXResourcesBuildPhase;
			buildActionMask = 2147483647;
			files = (
			);
			runOnlyForDeploymentPostprocessing = 0;
		};
/* End PBXResourcesBuildPhase section */

/* Begin PBXSourcesBuildPhase section */
		44AD89A629FC5251006670B2 /* Sources */ = {
			isa = PBXSourcesBuildPhase;
			buildActionMask = 2147483647;
			files = (
				44AD89B229FC5251006670B2 /* ViewController.swift in Sources */,
				44AD89AE29FC5251006670B2 /* AppDelegate.swift in Sources */,
				44AD89B029FC5251006670B2 /* SceneDelegate.swift in Sources */,
			);
			runOnlyForDeploymentPostprocessing = 0;
		};
		44AD89BC29FC5252006670B2 /* Sources */ = {
			isa = PBXSourcesBuildPhase;
			buildActionMask = 2147483647;
			files = (
				44AD89C529FC5252006670B2 /* Project39_Tests.swift in Sources */,
			);
			runOnlyForDeploymentPostprocessing = 0;
		};
		44AD89C629FC5252006670B2 /* Sources */ = {
			isa = PBXSourcesBuildPhase;
			buildActionMask = 2147483647;
			files = (
				44AD89D129FC5252006670B2 /* Project39_UITestsLaunchTests.swift in Sources */,
				44AD89CF29FC5252006670B2 /* Project39_UITests.swift in Sources */,
			);
			runOnlyForDeploymentPostprocessing = 0;
		};
/* End PBXSourcesBuildPhase section */

/* Begin PBXTargetDependency section */
		44AD89C229FC5252006670B2 /* PBXTargetDependency */ = {
			isa = PBXTargetDependency;
			target = 44AD89A929FC5251006670B2 /* Project39_ */;
			targetProxy = 44AD89C129FC5252006670B2 /* PBXContainerItemProxy */;
		};
		44AD89CC29FC5252006670B2 /* PBXTargetDependency */ = {
			isa = PBXTargetDependency;
			target = 44AD89A929FC5251006670B2 /* Project39_ */;
			targetProxy = 44AD89CB29FC5252006670B2 /* PBXContainerItemProxy */;
		};
/* End PBXTargetDependency section */

/* Begin PBXVariantGroup section */
		44AD89B329FC5251006670B2 /* Main.storyboard */ = {
			isa = PBXVariantGroup;
			children = (
				44AD89B429FC5251006670B2 /* Base */,
			);
			name = Main.storyboard;
			sourceTree = "<group>";
		};
		44AD89B829FC5252006670B2 /* LaunchScreen.storyboard */ = {
			isa = PBXVariantGroup;
			children = (
				44AD89B929FC5252006670B2 /* Base */,
			);
			name = LaunchScreen.storyboard;
			sourceTree = "<group>";
		};
/* End PBXVariantGroup section */

/* Begin XCBuildConfiguration section */
		44AD89D229FC5252006670B2 /* Debug */ = {
			isa = XCBuildConfiguration;
			buildSettings = {
				ALWAYS_SEARCH_USER_PATHS = NO;
				CLANG_ANALYZER_NONNULL = YES;
				CLANG_ANALYZER_NUMBER_OBJECT_CONVERSION = YES_AGGRESSIVE;
				CLANG_CXX_LANGUAGE_STANDARD = "gnu++20";
				CLANG_ENABLE_MODULES = YES;
				CLANG_ENABLE_OBJC_ARC = YES;
				CLANG_ENABLE_OBJC_WEAK = YES;
				CLANG_WARN_BLOCK_CAPTURE_AUTORELEASING = YES;
				CLANG_WARN_BOOL_CONVERSION = YES;
				CLANG_WARN_COMMA = YES;
				CLANG_WARN_CONSTANT_CONVERSION = YES;
				CLANG_WARN_DEPRECATED_OBJC_IMPLEMENTATIONS = YES;
				CLANG_WARN_DIRECT_OBJC_ISA_USAGE = YES_ERROR;
				CLANG_WARN_DOCUMENTATION_COMMENTS = YES;
				CLANG_WARN_EMPTY_BODY = YES;
				CLANG_WARN_ENUM_CONVERSION = YES;
				CLANG_WARN_INFINITE_RECURSION = YES;
				CLANG_WARN_INT_CONVERSION = YES;
				CLANG_WARN_NON_LITERAL_NULL_CONVERSION = YES;
				CLANG_WARN_OBJC_IMPLICIT_RETAIN_SELF = YES;
				CLANG_WARN_OBJC_LITERAL_CONVERSION = YES;
				CLANG_WARN_OBJC_ROOT_CLASS = YES_ERROR;
				CLANG_WARN_QUOTED_INCLUDE_IN_FRAMEWORK_HEADER = YES;
				CLANG_WARN_RANGE_LOOP_ANALYSIS = YES;
				CLANG_WARN_STRICT_PROTOTYPES = YES;
				CLANG_WARN_SUSPICIOUS_MOVE = YES;
				CLANG_WARN_UNGUARDED_AVAILABILITY = YES_AGGRESSIVE;
				CLANG_WARN_UNREACHABLE_CODE = YES;
				CLANG_WARN__DUPLICATE_METHOD_MATCH = YES;
				COPY_PHASE_STRIP = NO;
				DEBUG_INFORMATION_FORMAT = dwarf;
				ENABLE_STRICT_OBJC_MSGSEND = YES;
				ENABLE_TESTABILITY = YES;
				GCC_C_LANGUAGE_STANDARD = gnu11;
				GCC_DYNAMIC_NO_PIC = NO;
				GCC_NO_COMMON_BLOCKS = YES;
				GCC_OPTIMIZATION_LEVEL = 0;
				GCC_PREPROCESSOR_DEFINITIONS = (
					"DEBUG=1",
					"$(inherited)",
				);
				GCC_WARN_64_TO_32_BIT_CONVERSION = YES;
				GCC_WARN_ABOUT_RETURN_TYPE = YES_ERROR;
				GCC_WARN_UNDECLARED_SELECTOR = YES;
				GCC_WARN_UNINITIALIZED_AUTOS = YES_AGGRESSIVE;
				GCC_WARN_UNUSED_FUNCTION = YES;
				GCC_WARN_UNUSED_VARIABLE = YES;
				IPHONEOS_DEPLOYMENT_TARGET = 16.4;
				MTL_ENABLE_DEBUG_INFO = INCLUDE_SOURCE;
				MTL_FAST_MATH = YES;
				ONLY_ACTIVE_ARCH = YES;
				SDKROOT = iphoneos;
				SWIFT_ACTIVE_COMPILATION_CONDITIONS = DEBUG;
				SWIFT_OPTIMIZATION_LEVEL = "-Onone";
			};
			name = Debug;
		};
		44AD89D329FC5252006670B2 /* Release */ = {
			isa = XCBuildConfiguration;
			buildSettings = {
				ALWAYS_SEARCH_USER_PATHS = NO;
				CLANG_ANALYZER_NONNULL = YES;
				CLANG_ANALYZER_NUMBER_OBJECT_CONVERSION = YES_AGGRESSIVE;
				CLANG_CXX_LANGUAGE_STANDARD = "gnu++20";
				CLANG_ENABLE_MODULES = YES;
				CLANG_ENABLE_OBJC_ARC = YES;
				CLANG_ENABLE_OBJC_WEAK = YES;
				CLANG_WARN_BLOCK_CAPTURE_AUTORELEASING = YES;
				CLANG_WARN_BOOL_CONVERSION = YES;
				CLANG_WARN_COMMA = YES;
				CLANG_WARN_CONSTANT_CONVERSION = YES;
				CLANG_WARN_DEPRECATED_OBJC_IMPLEMENTATIONS = YES;
				CLANG_WARN_DIRECT_OBJC_ISA_USAGE = YES_ERROR;
				CLANG_WARN_DOCUMENTATION_COMMENTS = YES;
				CLANG_WARN_EMPTY_BODY = YES;
				CLANG_WARN_ENUM_CONVERSION = YES;
				CLANG_WARN_INFINITE_RECURSION = YES;
				CLANG_WARN_INT_CONVERSION = YES;
				CLANG_WARN_NON_LITERAL_NULL_CONVERSION = YES;
				CLANG_WARN_OBJC_IMPLICIT_RETAIN_SELF = YES;
				CLANG_WARN_OBJC_LITERAL_CONVERSION = YES;
				CLANG_WARN_OBJC_ROOT_CLASS = YES_ERROR;
				CLANG_WARN_QUOTED_INCLUDE_IN_FRAMEWORK_HEADER = YES;
				CLANG_WARN_RANGE_LOOP_ANALYSIS = YES;
				CLANG_WARN_STRICT_PROTOTYPES = YES;
				CLANG_WARN_SUSPICIOUS_MOVE = YES;
				CLANG_WARN_UNGUARDED_AVAILABILITY = YES_AGGRESSIVE;
				CLANG_WARN_UNREACHABLE_CODE = YES;
				CLANG_WARN__DUPLICATE_METHOD_MATCH = YES;
				COPY_PHASE_STRIP = NO;
				DEBUG_INFORMATION_FORMAT = "dwarf-with-dsym";
				ENABLE_NS_ASSERTIONS = NO;
				ENABLE_STRICT_OBJC_MSGSEND = YES;
				GCC_C_LANGUAGE_STANDARD = gnu11;
				GCC_NO_COMMON_BLOCKS = YES;
				GCC_WARN_64_TO_32_BIT_CONVERSION = YES;
				GCC_WARN_ABOUT_RETURN_TYPE = YES_ERROR;
				GCC_WARN_UNDECLARED_SELECTOR = YES;
				GCC_WARN_UNINITIALIZED_AUTOS = YES_AGGRESSIVE;
				GCC_WARN_UNUSED_FUNCTION = YES;
				GCC_WARN_UNUSED_VARIABLE = YES;
				IPHONEOS_DEPLOYMENT_TARGET = 16.4;
				MTL_ENABLE_DEBUG_INFO = NO;
				MTL_FAST_MATH = YES;
				SDKROOT = iphoneos;
				SWIFT_COMPILATION_MODE = wholemodule;
				SWIFT_OPTIMIZATION_LEVEL = "-O";
				VALIDATE_PRODUCT = YES;
			};
			name = Release;
		};
		44AD89D529FC5252006670B2 /* Debug */ = {
			isa = XCBuildConfiguration;
			buildSettings = {
				ASSETCATALOG_COMPILER_APPICON_NAME = AppIcon;
				ASSETCATALOG_COMPILER_GLOBAL_ACCENT_COLOR_NAME = AccentColor;
				CODE_SIGN_STYLE = Automatic;
				CURRENT_PROJECT_VERSION = 1;
				DEVELOPMENT_TEAM = ST32TKYR3W;
				GENERATE_INFOPLIST_FILE = YES;
				INFOPLIST_FILE = Project39_/Info.plist;
				INFOPLIST_KEY_UIApplicationSupportsIndirectInputEvents = YES;
				INFOPLIST_KEY_UILaunchStoryboardName = LaunchScreen;
				INFOPLIST_KEY_UIMainStoryboardFile = Main;
				INFOPLIST_KEY_UISupportedInterfaceOrientations_iPad = "UIInterfaceOrientationPortrait UIInterfaceOrientationPortraitUpsideDown UIInterfaceOrientationLandscapeLeft UIInterfaceOrientationLandscapeRight";
				INFOPLIST_KEY_UISupportedInterfaceOrientations_iPhone = "UIInterfaceOrientationPortrait UIInterfaceOrientationLandscapeLeft UIInterfaceOrientationLandscapeRight";
				LD_RUNPATH_SEARCH_PATHS = (
					"$(inherited)",
					"@executable_path/Frameworks",
				);
				MARKETING_VERSION = 1.0;
				PRODUCT_BUNDLE_IDENTIFIER = "comAndrea..Project39-";
				PRODUCT_NAME = "$(TARGET_NAME)";
				SWIFT_EMIT_LOC_STRINGS = YES;
				SWIFT_VERSION = 5.0;
				TARGETED_DEVICE_FAMILY = "1,2";
			};
			name = Debug;
		};
		44AD89D629FC5252006670B2 /* Release */ = {
			isa = XCBuildConfiguration;
			buildSettings = {
				ASSETCATALOG_COMPILER_APPICON_NAME = AppIcon;
				ASSETCATALOG_COMPILER_GLOBAL_ACCENT_COLOR_NAME = AccentColor;
				CODE_SIGN_STYLE = Automatic;
				CURRENT_PROJECT_VERSION = 1;
				DEVELOPMENT_TEAM = ST32TKYR3W;
				GENERATE_INFOPLIST_FILE = YES;
				INFOPLIST_FILE = Project39_/Info.plist;
				INFOPLIST_KEY_UIApplicationSupportsIndirectInputEvents = YES;
				INFOPLIST_KEY_UILaunchStoryboardName = LaunchScreen;
				INFOPLIST_KEY_UIMainStoryboardFile = Main;
				INFOPLIST_KEY_UISupportedInterfaceOrientations_iPad = "UIInterfaceOrientationPortrait UIInterfaceOrientationPortraitUpsideDown UIInterfaceOrientationLandscapeLeft UIInterfaceOrientationLandscapeRight";
				INFOPLIST_KEY_UISupportedInterfaceOrientations_iPhone = "UIInterfaceOrientationPortrait UIInterfaceOrientationLandscapeLeft UIInterfaceOrientationLandscapeRight";
				LD_RUNPATH_SEARCH_PATHS = (
					"$(inherited)",
					"@executable_path/Frameworks",
				);
				MARKETING_VERSION = 1.0;
				PRODUCT_BUNDLE_IDENTIFIER = "comAndrea..Project39-";
				PRODUCT_NAME = "$(TARGET_NAME)";
				SWIFT_EMIT_LOC_STRINGS = YES;
				SWIFT_VERSION = 5.0;
				TARGETED_DEVICE_FAMILY = "1,2";
			};
			name = Release;
		};
		44AD89D829FC5252006670B2 /* Debug */ = {
			isa = XCBuildConfiguration;
			buildSettings = {
				ALWAYS_EMBED_SWIFT_STANDARD_LIBRARIES = YES;
				BUNDLE_LOADER = "$(TEST_HOST)";
				CODE_SIGN_STYLE = Automatic;
				CURRENT_PROJECT_VERSION = 1;
				DEVELOPMENT_TEAM = ST32TKYR3W;
				GENERATE_INFOPLIST_FILE = YES;
				IPHONEOS_DEPLOYMENT_TARGET = 16.4;
				MARKETING_VERSION = 1.0;
				PRODUCT_BUNDLE_IDENTIFIER = "comAndrea..Project39-Tests";
				PRODUCT_NAME = "$(TARGET_NAME)";
				SWIFT_EMIT_LOC_STRINGS = NO;
				SWIFT_VERSION = 5.0;
				TARGETED_DEVICE_FAMILY = "1,2";
				TEST_HOST = "$(BUILT_PRODUCTS_DIR)/Project39_.app/$(BUNDLE_EXECUTABLE_FOLDER_PATH)/Project39_";
			};
			name = Debug;
		};
		44AD89D929FC5252006670B2 /* Release */ = {
			isa = XCBuildConfiguration;
			buildSettings = {
				ALWAYS_EMBED_SWIFT_STANDARD_LIBRARIES = YES;
				BUNDLE_LOADER = "$(TEST_HOST)";
				CODE_SIGN_STYLE = Automatic;
				CURRENT_PROJECT_VERSION = 1;
				DEVELOPMENT_TEAM = ST32TKYR3W;
				GENERATE_INFOPLIST_FILE = YES;
				IPHONEOS_DEPLOYMENT_TARGET = 16.4;
				MARKETING_VERSION = 1.0;
				PRODUCT_BUNDLE_IDENTIFIER = "comAndrea..Project39-Tests";
				PRODUCT_NAME = "$(TARGET_NAME)";
				SWIFT_EMIT_LOC_STRINGS = NO;
				SWIFT_VERSION = 5.0;
				TARGETED_DEVICE_FAMILY = "1,2";
				TEST_HOST = "$(BUILT_PRODUCTS_DIR)/Project39_.app/$(BUNDLE_EXECUTABLE_FOLDER_PATH)/Project39_";
			};
			name = Release;
		};
		44AD89DB29FC5252006670B2 /* Debug */ = {
			isa = XCBuildConfiguration;
			buildSettings = {
				ALWAYS_EMBED_SWIFT_STANDARD_LIBRARIES = YES;
				CODE_SIGN_STYLE = Automatic;
				CURRENT_PROJECT_VERSION = 1;
				DEVELOPMENT_TEAM = ST32TKYR3W;
				GENERATE_INFOPLIST_FILE = YES;
				MARKETING_VERSION = 1.0;
				PRODUCT_BUNDLE_IDENTIFIER = "comAndrea..Project39-UITests";
				PRODUCT_NAME = "$(TARGET_NAME)";
				SWIFT_EMIT_LOC_STRINGS = NO;
				SWIFT_VERSION = 5.0;
				TARGETED_DEVICE_FAMILY = "1,2";
				TEST_TARGET_NAME = Project39_;
			};
			name = Debug;
		};
		44AD89DC29FC5252006670B2 /* Release */ = {
			isa = XCBuildConfiguration;
			buildSettings = {
				ALWAYS_EMBED_SWIFT_STANDARD_LIBRARIES = YES;
				CODE_SIGN_STYLE = Automatic;
				CURRENT_PROJECT_VERSION = 1;
				DEVELOPMENT_TEAM = ST32TKYR3W;
				GENERATE_INFOPLIST_FILE = YES;
				MARKETING_VERSION = 1.0;
				PRODUCT_BUNDLE_IDENTIFIER = "comAndrea..Project39-UITests";
				PRODUCT_NAME = "$(TARGET_NAME)";
				SWIFT_EMIT_LOC_STRINGS = NO;
				SWIFT_VERSION = 5.0;
				TARGETED_DEVICE_FAMILY = "1,2";
				TEST_TARGET_NAME = Project39_;
			};
			name = Release;
		};
/* End XCBuildConfiguration section */

/* Begin XCConfigurationList section */
		44AD89A529FC5251006670B2 /* Build configuration list for PBXProject "Project39_" */ = {
			isa = XCConfigurationList;
			buildConfigurations = (
				44AD89D229FC5252006670B2 /* Debug */,
				44AD89D329FC5252006670B2 /* Release */,
			);
			defaultConfigurationIsVisible = 0;
			defaultConfigurationName = Release;
		};
		44AD89D429FC5252006670B2 /* Build configuration list for PBXNativeTarget "Project39_" */ = {
			isa = XCConfigurationList;
			buildConfigurations = (
				44AD89D529FC5252006670B2 /* Debug */,
				44AD89D629FC5252006670B2 /* Release */,
			);
			defaultConfigurationIsVisible = 0;
			defaultConfigurationName = Release;
		};
		44AD89D729FC5252006670B2 /* Build configuration list for PBXNativeTarget "Project39_Tests" */ = {
			isa = XCConfigurationList;
			buildConfigurations = (
				44AD89D829FC5252006670B2 /* Debug */,
				44AD89D929FC5252006670B2 /* Release */,
			);
			defaultConfigurationIsVisible = 0;
			defaultConfigurationName = Release;
		};
		44AD89DA29FC5252006670B2 /* Build configuration list for PBXNativeTarget "Project39_UITests" */ = {
			isa = XCConfigurationList;
			buildConfigurations = (
				44AD89DB29FC5252006670B2 /* Debug */,
				44AD89DC29FC5252006670B2 /* Release */,
			);
			defaultConfigurationIsVisible = 0;
			defaultConfigurationName = Release;
		};
/* End XCConfigurationList section */
	};
	rootObject = 44AD89A229FC5251006670B2 /* Project object */;
}
